
Microsoft Visual Studio Solution File, Format Version 12.00
# Visual Studio Version 16
VisualStudioVersion = 16.0.31025.194
MinimumVisualStudioVersion = 10.0.40219.1
Project("{FAE04EC0-301F-11D3-BF4B-00C04F79EFBC}") = "fibonacci", "fibonacci\fibonacci.csproj", "{7E85B58A-3F3A-4FF1-B861-1D34D45E5208}"
EndProject
Project("{FAE04EC0-301F-11D3-BF4B-00C04F79EFBC}") = "prime_number", "..\prime_number\prime_number.csproj", "{E3BC0FA4-F9D3-4FC1-B5BC-799FD2B8D035}"
EndProject
Project("{FAE04EC0-301F-11D3-BF4B-00C04F79EFBC}") = "factorial_number", "..\factorial_number\factorial_number.csproj", "{9E949612-994E-439E-B314-E09BC2ED9FDF}"
EndProject
Project("{FAE04EC0-301F-11D3-BF4B-00C04F79EFBC}") = "sum_of_digit", "..\sum_of_digit\sum_of_digit.csproj", "{7D3C9FAE-1B8B-4266-A556-5E06B14615B6}"
EndProject
Project("{FAE04EC0-301F-11D3-BF4B-00C04F79EFBC}") = "reverse_number", "..\reverse_number\reverse_number.csproj", "{A34714BC-4434-41C6-B5CB-43957F51D3E2}"
EndProject
Global
	GlobalSection(SolutionConfigurationPlatforms) = preSolution
		Debug|Any CPU = Debug|Any CPU
		Release|Any CPU = Release|Any CPU
	EndGlobalSection
	GlobalSection(ProjectConfigurationPlatforms) = postSolution
		{7E85B58A-3F3A-4FF1-B861-1D34D45E5208}.Debug|Any CPU.ActiveCfg = Debug|Any CPU
		{7E85B58A-3F3A-4FF1-B861-1D34D45E5208}.Debug|Any CPU.Build.0 = Debug|Any CPU
		{7E85B58A-3F3A-4FF1-B861-1D34D45E5208}.Release|Any CPU.ActiveCfg = Release|Any CPU
		{7E85B58A-3F3A-4FF1-B861-1D34D45E5208}.Release|Any CPU.Build.0 = Release|Any CPU
		{E3BC0FA4-F9D3-4FC1-B5BC-799FD2B8D035}.Debug|Any CPU.ActiveCfg = Debug|Any CPU
		{E3BC0FA4-F9D3-4FC1-B5BC-799FD2B8D035}.Debug|Any CPU.Build.0 = Debug|Any CPU
		{E3BC0FA4-F9D3-4FC1-B5BC-799FD2B8D035}.Release|Any CPU.ActiveCfg = Release|Any CPU
		{E3BC0FA4-F9D3-4FC1-B5BC-799FD2B8D035}.Release|Any CPU.Build.0 = Release|Any CPU
		{9E949612-994E-439E-B314-E09BC2ED9FDF}.Debug|Any CPU.ActiveCfg = Debug|Any CPU
		{9E949612-994E-439E-B314-E09BC2ED9FDF}.Debug|Any CPU.Build.0 = Debug|Any CPU
		{9E949612-994E-439E-B314-E09BC2ED9FDF}.Release|Any CPU.ActiveCfg = Release|Any CPU
		{9E949612-994E-439E-B314-E09BC2ED9FDF}.Release|Any CPU.Build.0 = Release|Any CPU
		{7D3C9FAE-1B8B-4266-A556-5E06B14615B6}.Debug|Any CPU.ActiveCfg = Debug|Any CPU
		{7D3C9FAE-1B8B-4266-A556-5E06B14615B6}.Debug|Any CPU.Build.0 = Debug|Any CPU
		{7D3C9FAE-1B8B-4266-A556-5E06B14615B6}.Release|Any CPU.ActiveCfg = Release|Any CPU
		{7D3C9FAE-1B8B-4266-A556-5E06B14615B6}.Release|Any CPU.Build.0 = Release|Any CPU
		{A34714BC-4434-41C6-B5CB-43957F51D3E2}.Debug|Any CPU.ActiveCfg = Debug|Any CPU
		{A34714BC-4434-41C6-B5CB-43957F51D3E2}.Debug|Any CPU.Build.0 = Debug|Any CPU
		{A34714BC-4434-41C6-B5CB-43957F51D3E2}.Release|Any CPU.ActiveCfg = Release|Any CPU
		{A34714BC-4434-41C6-B5CB-43957F51D3E2}.Release|Any CPU.Build.0 = Release|Any CPU
	EndGlobalSection
	GlobalSection(SolutionProperties) = preSolution
		HideSolutionNode = FALSE
	EndGlobalSection
	GlobalSection(ExtensibilityGlobals) = postSolution
		SolutionGuid = {3472A401-9B8F-4884-8A7F-27F723D3FFC2}
	EndGlobalSection
EndGlobal
